
Microsoft Visual Studio Solution File, Format Version 12.00
# Visual Studio Version 16
VisualStudioVersion = 16.0.29709.97
MinimumVisualStudioVersion = 10.0.40219.1
Project("{FAE04EC0-301F-11D3-BF4B-00C04F79EFBC}") = "contabilium", "contabilium.csproj", "{7C31C403-0815-46E2-AFED-4CEF6B593C16}"
EndProject
Global
	GlobalSection(SolutionConfigurationPlatforms) = preSolution
		Debug|Any CPU = Debug|Any CPU
		Release|Any CPU = Release|Any CPU
	EndGlobalSection
	GlobalSection(ProjectConfigurationPlatforms) = postSolution
		{7C31C403-0815-46E2-AFED-4CEF6B593C16}.Debug|Any CPU.ActiveCfg = Debug|Any CPU
		{7C31C403-0815-46E2-AFED-4CEF6B593C16}.Debug|Any CPU.Build.0 = Debug|Any CPU
		{7C31C403-0815-46E2-AFED-4CEF6B593C16}.Release|Any CPU.ActiveCfg = Release|Any CPU
		{7C31C403-0815-46E2-AFED-4CEF6B593C16}.Release|Any CPU.Build.0 = Release|Any CPU
	EndGlobalSection
	GlobalSection(SolutionProperties) = preSolution
		HideSolutionNode = FALSE
	EndGlobalSection
	GlobalSection(ExtensibilityGlobals) = postSolution
		SolutionGuid = {939CDB9C-A9B6-4862-88C1-B5C95A62A82E}
	EndGlobalSection
EndGlobal
